
Microsoft Visual Studio Solution File, Format Version 12.00
# Visual Studio Version 17
VisualStudioVersion = 17.5.33414.496
MinimumVisualStudioVersion = 10.0.40219.1
Project("{9A19103F-16F7-4668-BE54-9A1E7A4F7556}") = "Ground Turret Mod", "Source\Ground Turret Mod.csproj", "{EE46AD5C-2F94-46B9-B712-34701963C041}"
EndProject
Global
	GlobalSection(SolutionConfigurationPlatforms) = preSolution
		Debug|Any CPU = Debug|Any CPU
		Release|Any CPU = Release|Any CPU
	EndGlobalSection
	GlobalSection(ProjectConfigurationPlatforms) = postSolution
		{EE46AD5C-2F94-46B9-B712-34701963C041}.Debug|Any CPU.ActiveCfg = Debug|Any CPU
		{EE46AD5C-2F94-46B9-B712-34701963C041}.Debug|Any CPU.Build.0 = Debug|Any CPU
		{EE46AD5C-2F94-46B9-B712-34701963C041}.Release|Any CPU.ActiveCfg = Release|Any CPU
		{EE46AD5C-2F94-46B9-B712-34701963C041}.Release|Any CPU.Build.0 = Release|Any CPU
	EndGlobalSection
	GlobalSection(SolutionProperties) = preSolution
		HideSolutionNode = FALSE
	EndGlobalSection
	GlobalSection(ExtensibilityGlobals) = postSolution
		SolutionGuid = {2EFCE5B1-950D-43C4-BD90-46D0767A96DE}
	EndGlobalSection
EndGlobal
